// !$*UTF8*$!
{
	archiveVersion = 1;
	classes = {
	};
	objectVersion = 46;
	objects = {

/* Begin PBXBuildFile section */
		5DB6EE2C1907A87D00ED8C8C /* Foundation.framework in Frameworks */ = {isa = PBXBuildFile; fileRef = 5DB6EE2B1907A87D00ED8C8C /* Foundation.framework */; };
		5DB6EE2E1907A87D00ED8C8C /* CoreGraphics.framework in Frameworks */ = {isa = PBXBuildFile; fileRef = 5DB6EE2D1907A87D00ED8C8C /* CoreGraphics.framework */; };
		5DB6EE301907A87D00ED8C8C /* UIKit.framework in Frameworks */ = {isa = PBXBuildFile; fileRef = 5DB6EE2F1907A87D00ED8C8C /* UIKit.framework */; };
		5DB6EE361907A87D00ED8C8C /* InfoPlist.strings in Resources */ = {isa = PBXBuildFile; fileRef = 5DB6EE341907A87D00ED8C8C /* InfoPlist.strings */; };
		5DB6EE381907A87D00ED8C8C /* main.m in Sources */ = {isa = PBXBuildFile; fileRef = 5DB6EE371907A87D00ED8C8C /* main.m */; };
		5DB6EE3C1907A87D00ED8C8C /* AppDelegate.m in Sources */ = {isa = PBXBuildFile; fileRef = 5DB6EE3B1907A87D00ED8C8C /* AppDelegate.m */; };
		5DB6EE3E1907A87D00ED8C8C /* Images.xcassets in Resources */ = {isa = PBXBuildFile; fileRef = 5DB6EE3D1907A87D00ED8C8C /* Images.xcassets */; };
		5DB6EE451907A87D00ED8C8C /* XCTest.framework in Frameworks */ = {isa = PBXBuildFile; fileRef = 5DB6EE441907A87D00ED8C8C /* XCTest.framework */; };
		5DB6EE461907A87D00ED8C8C /* Foundation.framework in Frameworks */ = {isa = PBXBuildFile; fileRef = 5DB6EE2B1907A87D00ED8C8C /* Foundation.framework */; };
		5DB6EE471907A87D00ED8C8C /* UIKit.framework in Frameworks */ = {isa = PBXBuildFile; fileRef = 5DB6EE2F1907A87D00ED8C8C /* UIKit.framework */; };
		5DB6EE4F1907A87D00ED8C8C /* InfoPlist.strings in Resources */ = {isa = PBXBuildFile; fileRef = 5DB6EE4D1907A87D00ED8C8C /* InfoPlist.strings */; };
		5DB6EE511907A87D00ED8C8C /* HeartRateCurveTests.m in Sources */ = {isa = PBXBuildFile; fileRef = 5DB6EE501907A87D00ED8C8C /* HeartRateCurveTests.m */; };
		5DB6EE5C1907A8C100ED8C8C /* HeartLive.m in Sources */ = {isa = PBXBuildFile; fileRef = 5DB6EE5B1907A8C100ED8C8C /* HeartLive.m */; };
		5DB6EE5F1907A8F400ED8C8C /* HomeViewController.m in Sources */ = {isa = PBXBuildFile; fileRef = 5DB6EE5E1907A8F400ED8C8C /* HomeViewController.m */; };
		5DB6EE611907A92600ED8C8C /* data.txt in Resources */ = {isa = PBXBuildFile; fileRef = 5DB6EE601907A92600ED8C8C /* data.txt */; };
/* End PBXBuildFile section */

/* Begin PBXContainerItemProxy section */
		5DB6EE481907A87D00ED8C8C /* PBXContainerItemProxy */ = {
			isa = PBXContainerItemProxy;
			containerPortal = 5DB6EE201907A87D00ED8C8C /* Project object */;
			proxyType = 1;
			remoteGlobalIDString = 5DB6EE271907A87D00ED8C8C;
			remoteInfo = HeartRateCurve;
		};
/* End PBXContainerItemProxy section */

/* Begin PBXFileReference section */
		5DB6EE281907A87D00ED8C8C /* HeartRateCurve.app */ = {isa = PBXFileReference; explicitFileType = wrapper.application; includeInIndex = 0; path = HeartRateCurve.app; sourceTree = BUILT_PRODUCTS_DIR; };
		5DB6EE2B1907A87D00ED8C8C /* Foundation.framework */ = {isa = PBXFileReference; lastKnownFileType = wrapper.framework; name = Foundation.framework; path = System/Library/Frameworks/Foundation.framework; sourceTree = SDKROOT; };
		5DB6EE2D1907A87D00ED8C8C /* CoreGraphics.framework */ = {isa = PBXFileReference; lastKnownFileType = wrapper.framework; name = CoreGraphics.framework; path = System/Library/Frameworks/CoreGraphics.framework; sourceTree = SDKROOT; };
		5DB6EE2F1907A87D00ED8C8C /* UIKit.framework */ = {isa = PBXFileReference; lastKnownFileType = wrapper.framework; name = UIKit.framework; path = System/Library/Frameworks/UIKit.framework; sourceTree = SDKROOT; };
		5DB6EE331907A87D00ED8C8C /* HeartRateCurve-Info.plist */ = {isa = PBXFileReference; lastKnownFileType = text.plist.xml; path = "HeartRateCurve-Info.plist"; sourceTree = "<group>"; };
		5DB6EE351907A87D00ED8C8C /* en */ = {isa = PBXFileReference; lastKnownFileType = text.plist.strings; name = en; path = en.lproj/InfoPlist.strings; sourceTree = "<group>"; };
		5DB6EE371907A87D00ED8C8C /* main.m */ = {isa = PBXFileReference; lastKnownFileType = sourcecode.c.objc; path = main.m; sourceTree = "<group>"; };
		5DB6EE391907A87D00ED8C8C /* HeartRateCurve-Prefix.pch */ = {isa = PBXFileReference; lastKnownFileType = sourcecode.c.h; path = "HeartRateCurve-Prefix.pch"; sourceTree = "<group>"; };
		5DB6EE3A1907A87D00ED8C8C /* AppDelegate.h */ = {isa = PBXFileReference; lastKnownFileType = sourcecode.c.h; path = AppDelegate.h; sourceTree = "<group>"; };
		5DB6EE3B1907A87D00ED8C8C /* AppDelegate.m */ = {isa = PBXFileReference; lastKnownFileType = sourcecode.c.objc; path = AppDelegate.m; sourceTree = "<group>"; };
		5DB6EE3D1907A87D00ED8C8C /* Images.xcassets */ = {isa = PBXFileReference; lastKnownFileType = folder.assetcatalog; path = Images.xcassets; sourceTree = "<group>"; };
		5DB6EE431907A87D00ED8C8C /* HeartRateCurveTests.xctest */ = {isa = PBXFileReference; explicitFileType = wrapper.cfbundle; includeInIndex = 0; path = HeartRateCurveTests.xctest; sourceTree = BUILT_PRODUCTS_DIR; };
		5DB6EE441907A87D00ED8C8C /* XCTest.framework */ = {isa = PBXFileReference; lastKnownFileType = wrapper.framework; name = XCTest.framework; path = Library/Frameworks/XCTest.framework; sourceTree = DEVELOPER_DIR; };
		5DB6EE4C1907A87D00ED8C8C /* HeartRateCurveTests-Info.plist */ = {isa = PBXFileReference; lastKnownFileType = text.plist.xml; path = "HeartRateCurveTests-Info.plist"; sourceTree = "<group>"; };
		5DB6EE4E1907A87D00ED8C8C /* en */ = {isa = PBXFileReference; lastKnownFileType = text.plist.strings; name = en; path = en.lproj/InfoPlist.strings; sourceTree = "<group>"; };
		5DB6EE501907A87D00ED8C8C /* HeartRateCurveTests.m */ = {isa = PBXFileReference; lastKnownFileType = sourcecode.c.objc; path = HeartRateCurveTests.m; sourceTree = "<group>"; };
		5DB6EE5A1907A8C100ED8C8C /* HeartLive.h */ = {isa = PBXFileReference; fileEncoding = 4; lastKnownFileType = sourcecode.c.h; path = HeartLive.h; sourceTree = "<group>"; };
		5DB6EE5B1907A8C100ED8C8C /* HeartLive.m */ = {isa = PBXFileReference; fileEncoding = 4; lastKnownFileType = sourcecode.c.objc; path = HeartLive.m; sourceTree = "<group>"; };
		5DB6EE5D1907A8F400ED8C8C /* HomeViewController.h */ = {isa = PBXFileReference; fileEncoding = 4; lastKnownFileType = sourcecode.c.h; path = HomeViewController.h; sourceTree = "<group>"; };
		5DB6EE5E1907A8F400ED8C8C /* HomeViewController.m */ = {isa = PBXFileReference; fileEncoding = 4; lastKnownFileType = sourcecode.c.objc; path = HomeViewController.m; sourceTree = "<group>"; };
		5DB6EE601907A92600ED8C8C /* data.txt */ = {isa = PBXFileReference; fileEncoding = 4; lastKnownFileType = text; path = data.txt; sourceTree = "<group>"; };
/* End PBXFileReference section */

/* Begin PBXFrameworksBuildPhase section */
		5DB6EE251907A87D00ED8C8C /* Frameworks */ = {
			isa = PBXFrameworksBuildPhase;
			buildActionMask = 2147483647;
			files = (
				5DB6EE2E1907A87D00ED8C8C /* CoreGraphics.framework in Frameworks */,
				5DB6EE301907A87D00ED8C8C /* UIKit.framework in Frameworks */,
				5DB6EE2C1907A87D00ED8C8C /* Foundation.framework in Frameworks */,
			);
			runOnlyForDeploymentPostprocessing = 0;
		};
		5DB6EE401907A87D00ED8C8C /* Frameworks */ = {
			isa = PBXFrameworksBuildPhase;
			buildActionMask = 2147483647;
			files = (
				5DB6EE451907A87D00ED8C8C /* XCTest.framework in Frameworks */,
				5DB6EE471907A87D00ED8C8C /* UIKit.framework in Frameworks */,
				5DB6EE461907A87D00ED8C8C /* Foundation.framework in Frameworks */,
			);
			runOnlyForDeploymentPostprocessing = 0;
		};
/* End PBXFrameworksBuildPhase section */

/* Begin PBXGroup section */
		5DB6EE1F1907A87D00ED8C8C = {
			isa = PBXGroup;
			children = (
				5DB6EE311907A87D00ED8C8C /* HeartRateCurve */,
				5DB6EE4A1907A87D00ED8C8C /* HeartRateCurveTests */,
				5DB6EE2A1907A87D00ED8C8C /* Frameworks */,
				5DB6EE291907A87D00ED8C8C /* Products */,
			);
			sourceTree = "<group>";
		};
		5DB6EE291907A87D00ED8C8C /* Products */ = {
			isa = PBXGroup;
			children = (
				5DB6EE281907A87D00ED8C8C /* HeartRateCurve.app */,
				5DB6EE431907A87D00ED8C8C /* HeartRateCurveTests.xctest */,
			);
			name = Products;
			sourceTree = "<group>";
		};
		5DB6EE2A1907A87D00ED8C8C /* Frameworks */ = {
			isa = PBXGroup;
			children = (
				5DB6EE2B1907A87D00ED8C8C /* Foundation.framework */,
				5DB6EE2D1907A87D00ED8C8C /* CoreGraphics.framework */,
				5DB6EE2F1907A87D00ED8C8C /* UIKit.framework */,
				5DB6EE441907A87D00ED8C8C /* XCTest.framework */,
			);
			name = Frameworks;
			sourceTree = "<group>";
		};
		5DB6EE311907A87D00ED8C8C /* HeartRateCurve */ = {
			isa = PBXGroup;
			children = (
				5DB6EE601907A92600ED8C8C /* data.txt */,
				5DB6EE3A1907A87D00ED8C8C /* AppDelegate.h */,
				5DB6EE3B1907A87D00ED8C8C /* AppDelegate.m */,
				5DB6EE5D1907A8F400ED8C8C /* HomeViewController.h */,
				5DB6EE5E1907A8F400ED8C8C /* HomeViewController.m */,
				5DB6EE5A1907A8C100ED8C8C /* HeartLive.h */,
				5DB6EE5B1907A8C100ED8C8C /* HeartLive.m */,
				5DB6EE3D1907A87D00ED8C8C /* Images.xcassets */,
				5DB6EE321907A87D00ED8C8C /* Supporting Files */,
			);
			path = HeartRateCurve;
			sourceTree = "<group>";
		};
		5DB6EE321907A87D00ED8C8C /* Supporting Files */ = {
			isa = PBXGroup;
			children = (
				5DB6EE331907A87D00ED8C8C /* HeartRateCurve-Info.plist */,
				5DB6EE341907A87D00ED8C8C /* InfoPlist.strings */,
				5DB6EE371907A87D00ED8C8C /* main.m */,
				5DB6EE391907A87D00ED8C8C /* HeartRateCurve-Prefix.pch */,
			);
			name = "Supporting Files";
			sourceTree = "<group>";
		};
		5DB6EE4A1907A87D00ED8C8C /* HeartRateCurveTests */ = {
			isa = PBXGroup;
			children = (
				5DB6EE501907A87D00ED8C8C /* HeartRateCurveTests.m */,
				5DB6EE4B1907A87D00ED8C8C /* Supporting Files */,
			);
			path = HeartRateCurveTests;
			sourceTree = "<group>";
		};
		5DB6EE4B1907A87D00ED8C8C /* Supporting Files */ = {
			isa = PBXGroup;
			children = (
				5DB6EE4C1907A87D00ED8C8C /* HeartRateCurveTests-Info.plist */,
				5DB6EE4D1907A87D00ED8C8C /* InfoPlist.strings */,
			);
			name = "Supporting Files";
			sourceTree = "<group>";
		};
/* End PBXGroup section */

/* Begin PBXNativeTarget section */
		5DB6EE271907A87D00ED8C8C /* HeartRateCurve */ = {
			isa = PBXNativeTarget;
			buildConfigurationList = 5DB6EE541907A87D00ED8C8C /* Build configuration list for PBXNativeTarget "HeartRateCurve" */;
			buildPhases = (
				5DB6EE241907A87D00ED8C8C /* Sources */,
				5DB6EE251907A87D00ED8C8C /* Frameworks */,
				5DB6EE261907A87D00ED8C8C /* Resources */,
			);
			buildRules = (
			);
			dependencies = (
			);
			name = HeartRateCurve;
			productName = HeartRateCurve;
			productReference = 5DB6EE281907A87D00ED8C8C /* HeartRateCurve.app */;
			productType = "com.apple.product-type.application";
		};
		5DB6EE421907A87D00ED8C8C /* HeartRateCurveTests */ = {
			isa = PBXNativeTarget;
			buildConfigurationList = 5DB6EE571907A87D00ED8C8C /* Build configuration list for PBXNativeTarget "HeartRateCurveTests" */;
			buildPhases = (
				5DB6EE3F1907A87D00ED8C8C /* Sources */,
				5DB6EE401907A87D00ED8C8C /* Frameworks */,
				5DB6EE411907A87D00ED8C8C /* Resources */,
			);
			buildRules = (
			);
			dependencies = (
				5DB6EE491907A87D00ED8C8C /* PBXTargetDependency */,
			);
			name = HeartRateCurveTests;
			productName = HeartRateCurveTests;
			productReference = 5DB6EE431907A87D00ED8C8C /* HeartRateCurveTests.xctest */;
			productType = "com.apple.product-type.bundle.unit-test";
		};
/* End PBXNativeTarget section */

/* Begin PBXProject section */
		5DB6EE201907A87D00ED8C8C /* Project object */ = {
			isa = PBXProject;
			attributes = {
				LastUpgradeCheck = 0510;
				ORGANIZATIONNAME = N/A;
				TargetAttributes = {
					5DB6EE271907A87D00ED8C8C = {
						DevelopmentTeam = 797AZE56N6;
					};
					5DB6EE421907A87D00ED8C8C = {
						TestTargetID = 5DB6EE271907A87D00ED8C8C;
					};
				};
			};
			buildConfigurationList = 5DB6EE231907A87D00ED8C8C /* Build configuration list for PBXProject "HeartRateCurve" */;
			compatibilityVersion = "Xcode 3.2";
			developmentRegion = English;
			hasScannedForEncodings = 0;
			knownRegions = (
				en,
			);
			mainGroup = 5DB6EE1F1907A87D00ED8C8C;
			productRefGroup = 5DB6EE291907A87D00ED8C8C /* Products */;
			projectDirPath = "";
			projectRoot = "";
			targets = (
				5DB6EE271907A87D00ED8C8C /* HeartRateCurve */,
				5DB6EE421907A87D00ED8C8C /* HeartRateCurveTests */,
			);
		};
/* End PBXProject section */

/* Begin PBXResourcesBuildPhase section */
		5DB6EE261907A87D00ED8C8C /* Resources */ = {
			isa = PBXResourcesBuildPhase;
			buildActionMask = 2147483647;
			files = (
				5DB6EE361907A87D00ED8C8C /* InfoPlist.strings in Resources */,
				5DB6EE611907A92600ED8C8C /* data.txt in Resources */,
				5DB6EE3E1907A87D00ED8C8C /* Images.xcassets in Resources */,
			);
			runOnlyForDeploymentPostprocessing = 0;
		};
		5DB6EE411907A87D00ED8C8C /* Resources */ = {
			isa = PBXResourcesBuildPhase;
			buildActionMask = 2147483647;
			files = (
				5DB6EE4F1907A87D00ED8C8C /* InfoPlist.strings in Resources */,
			);
			runOnlyForDeploymentPostprocessing = 0;
		};
/* End PBXResourcesBuildPhase section */

/* Begin PBXSourcesBuildPhase section */
		5DB6EE241907A87D00ED8C8C /* Sources */ = {
			isa = PBXSourcesBuildPhase;
			buildActionMask = 2147483647;
			files = (
				5DB6EE5C1907A8C100ED8C8C /* HeartLive.m in Sources */,
				5DB6EE3C1907A87D00ED8C8C /* AppDelegate.m in Sources */,
				5DB6EE381907A87D00ED8C8C /* main.m in Sources */,
				5DB6EE5F1907A8F400ED8C8C /* HomeViewController.m in Sources */,
			);
			runOnlyForDeploymentPostprocessing = 0;
		};
		5DB6EE3F1907A87D00ED8C8C /* Sources */ = {
			isa = PBXSourcesBuildPhase;
			buildActionMask = 2147483647;
			files = (
				5DB6EE511907A87D00ED8C8C /* HeartRateCurveTests.m in Sources */,
			);
			runOnlyForDeploymentPostprocessing = 0;
		};
/* End PBXSourcesBuildPhase section */

/* Begin PBXTargetDependency section */
		5DB6EE491907A87D00ED8C8C /* PBXTargetDependency */ = {
			isa = PBXTargetDependency;
			target = 5DB6EE271907A87D00ED8C8C /* HeartRateCurve */;
			targetProxy = 5DB6EE481907A87D00ED8C8C /* PBXContainerItemProxy */;
		};
/* End PBXTargetDependency section */

/* Begin PBXVariantGroup section */
		5DB6EE341907A87D00ED8C8C /* InfoPlist.strings */ = {
			isa = PBXVariantGroup;
			children = (
				5DB6EE351907A87D00ED8C8C /* en */,
			);
			name = InfoPlist.strings;
			sourceTree = "<group>";
		};
		5DB6EE4D1907A87D00ED8C8C /* InfoPlist.strings */ = {
			isa = PBXVariantGroup;
			children = (
				5DB6EE4E1907A87D00ED8C8C /* en */,
			);
			name = InfoPlist.strings;
			sourceTree = "<group>";
		};
/* End PBXVariantGroup section */

/* Begin XCBuildConfiguration section */
		5DB6EE521907A87D00ED8C8C /* Debug */ = {
			isa = XCBuildConfiguration;
			buildSettings = {
				ALWAYS_SEARCH_USER_PATHS = NO;
				CLANG_CXX_LANGUAGE_STANDARD = "gnu++0x";
				CLANG_CXX_LIBRARY = "libc++";
				CLANG_ENABLE_MODULES = YES;
				CLANG_ENABLE_OBJC_ARC = YES;
				CLANG_WARN_BOOL_CONVERSION = YES;
				CLANG_WARN_CONSTANT_CONVERSION = YES;
				CLANG_WARN_DIRECT_OBJC_ISA_USAGE = YES_ERROR;
				CLANG_WARN_EMPTY_BODY = YES;
				CLANG_WARN_ENUM_CONVERSION = YES;
				CLANG_WARN_INT_CONVERSION = YES;
				CLANG_WARN_OBJC_ROOT_CLASS = YES_ERROR;
				CLANG_WARN__DUPLICATE_METHOD_MATCH = YES;
				"CODE_SIGN_IDENTITY[sdk=iphoneos*]" = "iPhone Developer";
				COPY_PHASE_STRIP = NO;
				GCC_C_LANGUAGE_STANDARD = gnu99;
				GCC_DYNAMIC_NO_PIC = NO;
				GCC_OPTIMIZATION_LEVEL = 0;
				GCC_PREPROCESSOR_DEFINITIONS = (
					"DEBUG=1",
					"$(inherited)",
				);
				GCC_SYMBOLS_PRIVATE_EXTERN = NO;
				GCC_WARN_64_TO_32_BIT_CONVERSION = YES;
				GCC_WARN_ABOUT_RETURN_TYPE = YES_ERROR;
				GCC_WARN_UNDECLARED_SELECTOR = YES;
				GCC_WARN_UNINITIALIZED_AUTOS = YES_AGGRESSIVE;
				GCC_WARN_UNUSED_FUNCTION = YES;
				GCC_WARN_UNUSED_VARIABLE = YES;
				IPHONEOS_DEPLOYMENT_TARGET = 7.1;
				ONLY_ACTIVE_ARCH = YES;
				SDKROOT = iphoneos;
			};
			name = Debug;
		};
		5DB6EE531907A87D00ED8C8C /* Release */ = {
			isa = XCBuildConfiguration;
			buildSettings = {
				ALWAYS_SEARCH_USER_PATHS = NO;
				CLANG_CXX_LANGUAGE_STANDARD = "gnu++0x";
				CLANG_CXX_LIBRARY = "libc++";
				CLANG_ENABLE_MODULES = YES;
				CLANG_ENABLE_OBJC_ARC = YES;
				CLANG_WARN_BOOL_CONVERSION = YES;
				CLANG_WARN_CONSTANT_CONVERSION = YES;
				CLANG_WARN_DIRECT_OBJC_ISA_USAGE = YES_ERROR;
				CLANG_WARN_EMPTY_BODY = YES;
				CLANG_WARN_ENUM_CONVERSION = YES;
				CLANG_WARN_INT_CONVERSION = YES;
				CLANG_WARN_OBJC_ROOT_CLASS = YES_ERROR;
				CLANG_WARN__DUPLICATE_METHOD_MATCH = YES;
				"CODE_SIGN_IDENTITY[sdk=iphoneos*]" = "iPhone Developer";
				COPY_PHASE_STRIP = YES;
				ENABLE_NS_ASSERTIONS = NO;
				GCC_C_LANGUAGE_STANDARD = gnu99;
				GCC_WARN_64_TO_32_BIT_CONVERSION = YES;
				GCC_WARN_ABOUT_RETURN_TYPE = YES_ERROR;
				GCC_WARN_UNDECLARED_SELECTOR = YES;
				GCC_WARN_UNINITIALIZED_AUTOS = YES_AGGRESSIVE;
				GCC_WARN_UNUSED_FUNCTION = YES;
				GCC_WARN_UNUSED_VARIABLE = YES;
				IPHONEOS_DEPLOYMENT_TARGET = 7.1;
				SDKROOT = iphoneos;
				VALIDATE_PRODUCT = YES;
			};
			name = Release;
		};
		5DB6EE551907A87D00ED8C8C /* Debug */ = {
			isa = XCBuildConfiguration;
			buildSettings = {
				ASSETCATALOG_COMPILER_APPICON_NAME = AppIcon;
				ASSETCATALOG_COMPILER_LAUNCHIMAGE_NAME = LaunchImage;
				DEVELOPMENT_TEAM = 797AZE56N6;
				GCC_PRECOMPILE_PREFIX_HEADER = YES;
				GCC_PREFIX_HEADER = "HeartRateCurve/HeartRateCurve-Prefix.pch";
				INFOPLIST_FILE = "HeartRateCurve/HeartRateCurve-Info.plist";
				PRODUCT_NAME = "$(TARGET_NAME)";
				WRAPPER_EXTENSION = app;
			};
			name = Debug;
		};
		5DB6EE561907A87D00ED8C8C /* Release */ = {
			isa = XCBuildConfiguration;
			buildSettings = {
				ASSETCATALOG_COMPILER_APPICON_NAME = AppIcon;
				ASSETCATALOG_COMPILER_LAUNCHIMAGE_NAME = LaunchImage;
				DEVELOPMENT_TEAM = 797AZE56N6;
				GCC_PRECOMPILE_PREFIX_HEADER = YES;
				GCC_PREFIX_HEADER = "HeartRateCurve/HeartRateCurve-Prefix.pch";
				INFOPLIST_FILE = "HeartRateCurve/HeartRateCurve-Info.plist";
				PRODUCT_NAME = "$(TARGET_NAME)";
				WRAPPER_EXTENSION = app;
			};
			name = Release;
		};
		5DB6EE581907A87D00ED8C8C /* Debug */ = {
			isa = XCBuildConfiguration;
			buildSettings = {
				BUNDLE_LOADER = "$(BUILT_PRODUCTS_DIR)/HeartRateCurve.app/HeartRateCurve";
				FRAMEWORK_SEARCH_PATHS = (
					"$(SDKROOT)/Developer/Library/Frameworks",
					"$(inherited)",
					"$(DEVELOPER_FRAMEWORKS_DIR)",
				);
				GCC_PRECOMPILE_PREFIX_HEADER = YES;
				GCC_PREFIX_HEADER = "HeartRateCurve/HeartRateCurve-Prefix.pch";
				GCC_PREPROCESSOR_DEFINITIONS = (
					"DEBUG=1",
					"$(inherited)",
				);
				INFOPLIST_FILE = "HeartRateCurveTests/HeartRateCurveTests-Info.plist";
				PRODUCT_NAME = "$(TARGET_NAME)";
				TEST_HOST = "$(BUNDLE_LOADER)";
				WRAPPER_EXTENSION = xctest;
			};
			name = Debug;
		};
		5DB6EE591907A87D00ED8C8C /* Release */ = {
			isa = XCBuildConfiguration;
			buildSettings = {
				BUNDLE_LOADER = "$(BUILT_PRODUCTS_DIR)/HeartRateCurve.app/HeartRateCurve";
				FRAMEWORK_SEARCH_PATHS = (
					"$(SDKROOT)/Developer/Library/Frameworks",
					"$(inherited)",
					"$(DEVELOPER_FRAMEWORKS_DIR)",
				);
				GCC_PRECOMPILE_PREFIX_HEADER = YES;
				GCC_PREFIX_HEADER = "HeartRateCurve/HeartRateCurve-Prefix.pch";
				INFOPLIST_FILE = "HeartRateCurveTests/HeartRateCurveTests-Info.plist";
				PRODUCT_NAME = "$(TARGET_NAME)";
				TEST_HOST = "$(BUNDLE_LOADER)";
				WRAPPER_EXTENSION = xctest;
			};
			name = Release;
		};
/* End XCBuildConfiguration section */

/* Begin XCConfigurationList section */
		5DB6EE231907A87D00ED8C8C /* Build configuration list for PBXProject "HeartRateCurve" */ = {
			isa = XCConfigurationList;
			buildConfigurations = (
				5DB6EE521907A87D00ED8C8C /* Debug */,
				5DB6EE531907A87D00ED8C8C /* Release */,
			);
			defaultConfigurationIsVisible = 0;
			defaultConfigurationName = Release;
		};
		5DB6EE541907A87D00ED8C8C /* Build configuration list for PBXNativeTarget "HeartRateCurve" */ = {
			isa = XCConfigurationList;
			buildConfigurations = (
				5DB6EE551907A87D00ED8C8C /* Debug */,
				5DB6EE561907A87D00ED8C8C /* Release */,
			);
			defaultConfigurationIsVisible = 0;
			defaultConfigurationName = Release;
		};
		5DB6EE571907A87D00ED8C8C /* Build configuration list for PBXNativeTarget "HeartRateCurveTests" */ = {
			isa = XCConfigurationList;
			buildConfigurations = (
				5DB6EE581907A87D00ED8C8C /* Debug */,
				5DB6EE591907A87D00ED8C8C /* Release */,
			);
			defaultConfigurationIsVisible = 0;
			defaultConfigurationName = Release;
		};
/* End XCConfigurationList section */
	};
	rootObject = 5DB6EE201907A87D00ED8C8C /* Project object */;
}
